
Microsoft Visual Studio Solution File, Format Version 12.00
# Visual Studio Version 16
VisualStudioVersion = 16.0.31005.135
MinimumVisualStudioVersion = 10.0.40219.1
Project("{FAE04EC0-301F-11D3-BF4B-00C04F79EFBC}") = "MdbCsvExporter", "MdbCsvExporter.csproj", "{835CC7CE-5853-4CFE-B3A1-535CBCAAAD7F}"
EndProject
Global
	GlobalSection(SolutionConfigurationPlatforms) = preSolution
		Debug|Any CPU = Debug|Any CPU
		Release|Any CPU = Release|Any CPU
	EndGlobalSection
	GlobalSection(ProjectConfigurationPlatforms) = postSolution
		{835CC7CE-5853-4CFE-B3A1-535CBCAAAD7F}.Debug|Any CPU.ActiveCfg = Debug|Any CPU
		{835CC7CE-5853-4CFE-B3A1-535CBCAAAD7F}.Debug|Any CPU.Build.0 = Debug|Any CPU
		{835CC7CE-5853-4CFE-B3A1-535CBCAAAD7F}.Release|Any CPU.ActiveCfg = Release|Any CPU
		{835CC7CE-5853-4CFE-B3A1-535CBCAAAD7F}.Release|Any CPU.Build.0 = Release|Any CPU
	EndGlobalSection
	GlobalSection(SolutionProperties) = preSolution
		HideSolutionNode = FALSE
	EndGlobalSection
	GlobalSection(ExtensibilityGlobals) = postSolution
		SolutionGuid = {D91D9081-8D65-429D-8D7F-AFFDEF065D51}
	EndGlobalSection
EndGlobal
